// !$*UTF8*$!
{
	archiveVersion = 1;
	classes = {
	};
	objectVersion = 56;
	objects = {

/* Begin PBXBuildFile section */
		D1EE69BB297C02FD0023663D /* AppDelegate.swift in Sources */ = {isa = PBXBuildFile; fileRef = D1EE69BA297C02FD0023663D /* AppDelegate.swift */; };
		D1EE69BD297C02FD0023663D /* SceneDelegate.swift in Sources */ = {isa = PBXBuildFile; fileRef = D1EE69BC297C02FD0023663D /* SceneDelegate.swift */; };
		D1EE69BF297C02FD0023663D /* ViewController.swift in Sources */ = {isa = PBXBuildFile; fileRef = D1EE69BE297C02FD0023663D /* ViewController.swift */; };
		D1EE69C2297C02FD0023663D /* Main.storyboard in Resources */ = {isa = PBXBuildFile; fileRef = D1EE69C0297C02FD0023663D /* Main.storyboard */; };
		D1EE69C4297C02FF0023663D /* Assets.xcassets in Resources */ = {isa = PBXBuildFile; fileRef = D1EE69C3297C02FF0023663D /* Assets.xcassets */; };
		D1EE69C7297C02FF0023663D /* LaunchScreen.storyboard in Resources */ = {isa = PBXBuildFile; fileRef = D1EE69C5297C02FF0023663D /* LaunchScreen.storyboard */; };
		D1EE69CF297C06F80023663D /* spring.jpeg in Resources */ = {isa = PBXBuildFile; fileRef = D1EE69CE297C06F80023663D /* spring.jpeg */; };
		D1EE69D1297C06FC0023663D /* summer.jpeg in Resources */ = {isa = PBXBuildFile; fileRef = D1EE69D0297C06FC0023663D /* summer.jpeg */; };
		D1EE69D3297C07000023663D /* autumn.jpeg in Resources */ = {isa = PBXBuildFile; fileRef = D1EE69D2297C07000023663D /* autumn.jpeg */; };
		D1EE69D5297C070B0023663D /* winter.jpeg in Resources */ = {isa = PBXBuildFile; fileRef = D1EE69D4297C070B0023663D /* winter.jpeg */; };
		D1EE69D7297C08190023663D /* NextViewController.swift in Sources */ = {isa = PBXBuildFile; fileRef = D1EE69D6297C08180023663D /* NextViewController.swift */; };
/* End PBXBuildFile section */

/* Begin PBXFileReference section */
		D1EE69B7297C02FD0023663D /* SlideshowApp.app */ = {isa = PBXFileReference; explicitFileType = wrapper.application; includeInIndex = 0; path = SlideshowApp.app; sourceTree = BUILT_PRODUCTS_DIR; };
		D1EE69BA297C02FD0023663D /* AppDelegate.swift */ = {isa = PBXFileReference; lastKnownFileType = sourcecode.swift; path = AppDelegate.swift; sourceTree = "<group>"; };
		D1EE69BC297C02FD0023663D /* SceneDelegate.swift */ = {isa = PBXFileReference; lastKnownFileType = sourcecode.swift; path = SceneDelegate.swift; sourceTree = "<group>"; };
		D1EE69BE297C02FD0023663D /* ViewController.swift */ = {isa = PBXFileReference; lastKnownFileType = sourcecode.swift; path = ViewController.swift; sourceTree = "<group>"; };
		D1EE69C1297C02FD0023663D /* Base */ = {isa = PBXFileReference; lastKnownFileType = file.storyboard; name = Base; path = Base.lproj/Main.storyboard; sourceTree = "<group>"; };
		D1EE69C3297C02FF0023663D /* Assets.xcassets */ = {isa = PBXFileReference; lastKnownFileType = folder.assetcatalog; path = Assets.xcassets; sourceTree = "<group>"; };
		D1EE69C6297C02FF0023663D /* Base */ = {isa = PBXFileReference; lastKnownFileType = file.storyboard; name = Base; path = Base.lproj/LaunchScreen.storyboard; sourceTree = "<group>"; };
		D1EE69C8297C02FF0023663D /* Info.plist */ = {isa = PBXFileReference; lastKnownFileType = text.plist.xml; path = Info.plist; sourceTree = "<group>"; };
		D1EE69CE297C06F80023663D /* spring.jpeg */ = {isa = PBXFileReference; lastKnownFileType = image.jpeg; path = spring.jpeg; sourceTree = "<group>"; };
		D1EE69D0297C06FC0023663D /* summer.jpeg */ = {isa = PBXFileReference; lastKnownFileType = image.jpeg; path = summer.jpeg; sourceTree = "<group>"; };
		D1EE69D2297C07000023663D /* autumn.jpeg */ = {isa = PBXFileReference; lastKnownFileType = image.jpeg; path = autumn.jpeg; sourceTree = "<group>"; };
		D1EE69D4297C070B0023663D /* winter.jpeg */ = {isa = PBXFileReference; lastKnownFileType = image.jpeg; path = winter.jpeg; sourceTree = "<group>"; };
		D1EE69D6297C08180023663D /* NextViewController.swift */ = {isa = PBXFileReference; lastKnownFileType = sourcecode.swift; path = NextViewController.swift; sourceTree = "<group>"; };
/* End PBXFileReference section */

/* Begin PBXFrameworksBuildPhase section */
		D1EE69B4297C02FD0023663D /* Frameworks */ = {
			isa = PBXFrameworksBuildPhase;
			buildActionMask = 2147483647;
			files = (
			);
			runOnlyForDeploymentPostprocessing = 0;
		};
/* End PBXFrameworksBuildPhase section */

/* Begin PBXGroup section */
		D1EE69AE297C02FD0023663D = {
			isa = PBXGroup;
			children = (
				D1EE69B9297C02FD0023663D /* SlideshowApp */,
				D1EE69B8297C02FD0023663D /* Products */,
			);
			sourceTree = "<group>";
		};
		D1EE69B8297C02FD0023663D /* Products */ = {
			isa = PBXGroup;
			children = (
				D1EE69B7297C02FD0023663D /* SlideshowApp.app */,
			);
			name = Products;
			sourceTree = "<group>";
		};
		D1EE69B9297C02FD0023663D /* SlideshowApp */ = {
			isa = PBXGroup;
			children = (
				D1EE69BA297C02FD0023663D /* AppDelegate.swift */,
				D1EE69BC297C02FD0023663D /* SceneDelegate.swift */,
				D1EE69BE297C02FD0023663D /* ViewController.swift */,
				D1EE69D6297C08180023663D /* NextViewController.swift */,
				D1EE69C0297C02FD0023663D /* Main.storyboard */,
				D1EE69C3297C02FF0023663D /* Assets.xcassets */,
				D1EE69C5297C02FF0023663D /* LaunchScreen.storyboard */,
				D1EE69C8297C02FF0023663D /* Info.plist */,
				D1EE69CE297C06F80023663D /* spring.jpeg */,
				D1EE69D0297C06FC0023663D /* summer.jpeg */,
				D1EE69D2297C07000023663D /* autumn.jpeg */,
				D1EE69D4297C070B0023663D /* winter.jpeg */,
			);
			path = SlideshowApp;
			sourceTree = "<group>";
		};
/* End PBXGroup section */

/* Begin PBXNativeTarget section */
		D1EE69B6297C02FD0023663D /* SlideshowApp */ = {
			isa = PBXNativeTarget;
			buildConfigurationList = D1EE69CB297C02FF0023663D /* Build configuration list for PBXNativeTarget "SlideshowApp" */;
			buildPhases = (
				D1EE69B3297C02FD0023663D /* Sources */,
				D1EE69B4297C02FD0023663D /* Frameworks */,
				D1EE69B5297C02FD0023663D /* Resources */,
			);
			buildRules = (
			);
			dependencies = (
			);
			name = SlideshowApp;
			productName = SlideshowApp;
			productReference = D1EE69B7297C02FD0023663D /* SlideshowApp.app */;
			productType = "com.apple.product-type.application";
		};
/* End PBXNativeTarget section */

/* Begin PBXProject section */
		D1EE69AF297C02FD0023663D /* Project object */ = {
			isa = PBXProject;
			attributes = {
				BuildIndependentTargetsInParallel = 1;
				LastSwiftUpdateCheck = 1420;
				LastUpgradeCheck = 1420;
				TargetAttributes = {
					D1EE69B6297C02FD0023663D = {
						CreatedOnToolsVersion = 14.2;
					};
				};
			};
			buildConfigurationList = D1EE69B2297C02FD0023663D /* Build configuration list for PBXProject "SlideshowApp" */;
			compatibilityVersion = "Xcode 14.0";
			developmentRegion = en;
			hasScannedForEncodings = 0;
			knownRegions = (
				en,
				Base,
			);
			mainGroup = D1EE69AE297C02FD0023663D;
			productRefGroup = D1EE69B8297C02FD0023663D /* Products */;
			projectDirPath = "";
			projectRoot = "";
			targets = (
				D1EE69B6297C02FD0023663D /* SlideshowApp */,
			);
		};
/* End PBXProject section */

/* Begin PBXResourcesBuildPhase section */
		D1EE69B5297C02FD0023663D /* Resources */ = {
			isa = PBXResourcesBuildPhase;
			buildActionMask = 2147483647;
			files = (
				D1EE69D5297C070B0023663D /* winter.jpeg in Resources */,
				D1EE69C7297C02FF0023663D /* LaunchScreen.storyboard in Resources */,
				D1EE69D3297C07000023663D /* autumn.jpeg in Resources */,
				D1EE69C4297C02FF0023663D /* Assets.xcassets in Resources */,
				D1EE69CF297C06F80023663D /* spring.jpeg in Resources */,
				D1EE69D1297C06FC0023663D /* summer.jpeg in Resources */,
				D1EE69C2297C02FD0023663D /* Main.storyboard in Resources */,
			);
			runOnlyForDeploymentPostprocessing = 0;
		};
/* End PBXResourcesBuildPhase section */

/* Begin PBXSourcesBuildPhase section */
		D1EE69B3297C02FD0023663D /* Sources */ = {
			isa = PBXSourcesBuildPhase;
			buildActionMask = 2147483647;
			files = (
				D1EE69BF297C02FD0023663D /* ViewController.swift in Sources */,
				D1EE69D7297C08190023663D /* NextViewController.swift in Sources */,
				D1EE69BB297C02FD0023663D /* AppDelegate.swift in Sources */,
				D1EE69BD297C02FD0023663D /* SceneDelegate.swift in Sources */,
			);
			runOnlyForDeploymentPostprocessing = 0;
		};
/* End PBXSourcesBuildPhase section */

/* Begin PBXVariantGroup section */
		D1EE69C0297C02FD0023663D /* Main.storyboard */ = {
			isa = PBXVariantGroup;
			children = (
				D1EE69C1297C02FD0023663D /* Base */,
			);
			name = Main.storyboard;
			sourceTree = "<group>";
		};
		D1EE69C5297C02FF0023663D /* LaunchScreen.storyboard */ = {
			isa = PBXVariantGroup;
			children = (
				D1EE69C6297C02FF0023663D /* Base */,
			);
			name = LaunchScreen.storyboard;
			sourceTree = "<group>";
		};
/* End PBXVariantGroup section */

/* Begin XCBuildConfiguration section */
		D1EE69C9297C02FF0023663D /* Debug */ = {
			isa = XCBuildConfiguration;
			buildSettings = {
				ALWAYS_SEARCH_USER_PATHS = NO;
				CLANG_ANALYZER_NONNULL = YES;
				CLANG_ANALYZER_NUMBER_OBJECT_CONVERSION = YES_AGGRESSIVE;
				CLANG_CXX_LANGUAGE_STANDARD = "gnu++20";
				CLANG_ENABLE_MODULES = YES;
				CLANG_ENABLE_OBJC_ARC = YES;
				CLANG_ENABLE_OBJC_WEAK = YES;
				CLANG_WARN_BLOCK_CAPTURE_AUTORELEASING = YES;
				CLANG_WARN_BOOL_CONVERSION = YES;
				CLANG_WARN_COMMA = YES;
				CLANG_WARN_CONSTANT_CONVERSION = YES;
				CLANG_WARN_DEPRECATED_OBJC_IMPLEMENTATIONS = YES;
				CLANG_WARN_DIRECT_OBJC_ISA_USAGE = YES_ERROR;
				CLANG_WARN_DOCUMENTATION_COMMENTS = YES;
				CLANG_WARN_EMPTY_BODY = YES;
				CLANG_WARN_ENUM_CONVERSION = YES;
				CLANG_WARN_INFINITE_RECURSION = YES;
				CLANG_WARN_INT_CONVERSION = YES;
				CLANG_WARN_NON_LITERAL_NULL_CONVERSION = YES;
				CLANG_WARN_OBJC_IMPLICIT_RETAIN_SELF = YES;
				CLANG_WARN_OBJC_LITERAL_CONVERSION = YES;
				CLANG_WARN_OBJC_ROOT_CLASS = YES_ERROR;
				CLANG_WARN_QUOTED_INCLUDE_IN_FRAMEWORK_HEADER = YES;
				CLANG_WARN_RANGE_LOOP_ANALYSIS = YES;
				CLANG_WARN_STRICT_PROTOTYPES = YES;
				CLANG_WARN_SUSPICIOUS_MOVE = YES;
				CLANG_WARN_UNGUARDED_AVAILABILITY = YES_AGGRESSIVE;
				CLANG_WARN_UNREACHABLE_CODE = YES;
				CLANG_WARN__DUPLICATE_METHOD_MATCH = YES;
				COPY_PHASE_STRIP = NO;
				DEBUG_INFORMATION_FORMAT = dwarf;
				ENABLE_STRICT_OBJC_MSGSEND = YES;
				ENABLE_TESTABILITY = YES;
				GCC_C_LANGUAGE_STANDARD = gnu11;
				GCC_DYNAMIC_NO_PIC = NO;
				GCC_NO_COMMON_BLOCKS = YES;
				GCC_OPTIMIZATION_LEVEL = 0;
				GCC_PREPROCESSOR_DEFINITIONS = (
					"DEBUG=1",
					"$(inherited)",
				);
				GCC_WARN_64_TO_32_BIT_CONVERSION = YES;
				GCC_WARN_ABOUT_RETURN_TYPE = YES_ERROR;
				GCC_WARN_UNDECLARED_SELECTOR = YES;
				GCC_WARN_UNINITIALIZED_AUTOS = YES_AGGRESSIVE;
				GCC_WARN_UNUSED_FUNCTION = YES;
				GCC_WARN_UNUSED_VARIABLE = YES;
				IPHONEOS_DEPLOYMENT_TARGET = 16.2;
				MTL_ENABLE_DEBUG_INFO = INCLUDE_SOURCE;
				MTL_FAST_MATH = YES;
				ONLY_ACTIVE_ARCH = YES;
				SDKROOT = iphoneos;
				SWIFT_ACTIVE_COMPILATION_CONDITIONS = DEBUG;
				SWIFT_OPTIMIZATION_LEVEL = "-Onone";
			};
			name = Debug;
		};
		D1EE69CA297C02FF0023663D /* Release */ = {
			isa = XCBuildConfiguration;
			buildSettings = {
				ALWAYS_SEARCH_USER_PATHS = NO;
				CLANG_ANALYZER_NONNULL = YES;
				CLANG_ANALYZER_NUMBER_OBJECT_CONVERSION = YES_AGGRESSIVE;
				CLANG_CXX_LANGUAGE_STANDARD = "gnu++20";
				CLANG_ENABLE_MODULES = YES;
				CLANG_ENABLE_OBJC_ARC = YES;
				CLANG_ENABLE_OBJC_WEAK = YES;
				CLANG_WARN_BLOCK_CAPTURE_AUTORELEASING = YES;
				CLANG_WARN_BOOL_CONVERSION = YES;
				CLANG_WARN_COMMA = YES;
				CLANG_WARN_CONSTANT_CONVERSION = YES;
				CLANG_WARN_DEPRECATED_OBJC_IMPLEMENTATIONS = YES;
				CLANG_WARN_DIRECT_OBJC_ISA_USAGE = YES_ERROR;
				CLANG_WARN_DOCUMENTATION_COMMENTS = YES;
				CLANG_WARN_EMPTY_BODY = YES;
				CLANG_WARN_ENUM_CONVERSION = YES;
				CLANG_WARN_INFINITE_RECURSION = YES;
				CLANG_WARN_INT_CONVERSION = YES;
				CLANG_WARN_NON_LITERAL_NULL_CONVERSION = YES;
				CLANG_WARN_OBJC_IMPLICIT_RETAIN_SELF = YES;
				CLANG_WARN_OBJC_LITERAL_CONVERSION = YES;
				CLANG_WARN_OBJC_ROOT_CLASS = YES_ERROR;
				CLANG_WARN_QUOTED_INCLUDE_IN_FRAMEWORK_HEADER = YES;
				CLANG_WARN_RANGE_LOOP_ANALYSIS = YES;
				CLANG_WARN_STRICT_PROTOTYPES = YES;
				CLANG_WARN_SUSPICIOUS_MOVE = YES;
				CLANG_WARN_UNGUARDED_AVAILABILITY = YES_AGGRESSIVE;
				CLANG_WARN_UNREACHABLE_CODE = YES;
				CLANG_WARN__DUPLICATE_METHOD_MATCH = YES;
				COPY_PHASE_STRIP = NO;
				DEBUG_INFORMATION_FORMAT = "dwarf-with-dsym";
				ENABLE_NS_ASSERTIONS = NO;
				ENABLE_STRICT_OBJC_MSGSEND = YES;
				GCC_C_LANGUAGE_STANDARD = gnu11;
				GCC_NO_COMMON_BLOCKS = YES;
				GCC_WARN_64_TO_32_BIT_CONVERSION = YES;
				GCC_WARN_ABOUT_RETURN_TYPE = YES_ERROR;
				GCC_WARN_UNDECLARED_SELECTOR = YES;
				GCC_WARN_UNINITIALIZED_AUTOS = YES_AGGRESSIVE;
				GCC_WARN_UNUSED_FUNCTION = YES;
				GCC_WARN_UNUSED_VARIABLE = YES;
				IPHONEOS_DEPLOYMENT_TARGET = 16.2;
				MTL_ENABLE_DEBUG_INFO = NO;
				MTL_FAST_MATH = YES;
				SDKROOT = iphoneos;
				SWIFT_COMPILATION_MODE = wholemodule;
				SWIFT_OPTIMIZATION_LEVEL = "-O";
				VALIDATE_PRODUCT = YES;
			};
			name = Release;
		};
		D1EE69CC297C02FF0023663D /* Debug */ = {
			isa = XCBuildConfiguration;
			buildSettings = {
				ASSETCATALOG_COMPILER_APPICON_NAME = AppIcon;
				ASSETCATALOG_COMPILER_GLOBAL_ACCENT_COLOR_NAME = AccentColor;
				CODE_SIGN_STYLE = Automatic;
				CURRENT_PROJECT_VERSION = 1;
				GENERATE_INFOPLIST_FILE = YES;
				INFOPLIST_FILE = SlideshowApp/Info.plist;
				INFOPLIST_KEY_UIApplicationSupportsIndirectInputEvents = YES;
				INFOPLIST_KEY_UILaunchStoryboardName = LaunchScreen;
				INFOPLIST_KEY_UIMainStoryboardFile = Main;
				INFOPLIST_KEY_UISupportedInterfaceOrientations_iPad = "UIInterfaceOrientationPortrait UIInterfaceOrientationPortraitUpsideDown UIInterfaceOrientationLandscapeLeft UIInterfaceOrientationLandscapeRight";
				INFOPLIST_KEY_UISupportedInterfaceOrientations_iPhone = "UIInterfaceOrientationPortrait UIInterfaceOrientationLandscapeLeft UIInterfaceOrientationLandscapeRight";
				LD_RUNPATH_SEARCH_PATHS = (
					"$(inherited)",
					"@executable_path/Frameworks",
				);
				MARKETING_VERSION = 1.0;
				PRODUCT_BUNDLE_IDENTIFIER = jp.techacademy.yuuki.naka.SlideshowApp;
				PRODUCT_NAME = "$(TARGET_NAME)";
				SWIFT_EMIT_LOC_STRINGS = YES;
				SWIFT_VERSION = 5.0;
				TARGETED_DEVICE_FAMILY = "1,2";
			};
			name = Debug;
		};
		D1EE69CD297C02FF0023663D /* Release */ = {
			isa = XCBuildConfiguration;
			buildSettings = {
				ASSETCATALOG_COMPILER_APPICON_NAME = AppIcon;
				ASSETCATALOG_COMPILER_GLOBAL_ACCENT_COLOR_NAME = AccentColor;
				CODE_SIGN_STYLE = Automatic;
				CURRENT_PROJECT_VERSION = 1;
				GENERATE_INFOPLIST_FILE = YES;
				INFOPLIST_FILE = SlideshowApp/Info.plist;
				INFOPLIST_KEY_UIApplicationSupportsIndirectInputEvents = YES;
				INFOPLIST_KEY_UILaunchStoryboardName = LaunchScreen;
				INFOPLIST_KEY_UIMainStoryboardFile = Main;
				INFOPLIST_KEY_UISupportedInterfaceOrientations_iPad = "UIInterfaceOrientationPortrait UIInterfaceOrientationPortraitUpsideDown UIInterfaceOrientationLandscapeLeft UIInterfaceOrientationLandscapeRight";
				INFOPLIST_KEY_UISupportedInterfaceOrientations_iPhone = "UIInterfaceOrientationPortrait UIInterfaceOrientationLandscapeLeft UIInterfaceOrientationLandscapeRight";
				LD_RUNPATH_SEARCH_PATHS = (
					"$(inherited)",
					"@executable_path/Frameworks",
				);
				MARKETING_VERSION = 1.0;
				PRODUCT_BUNDLE_IDENTIFIER = jp.techacademy.yuuki.naka.SlideshowApp;
				PRODUCT_NAME = "$(TARGET_NAME)";
				SWIFT_EMIT_LOC_STRINGS = YES;
				SWIFT_VERSION = 5.0;
				TARGETED_DEVICE_FAMILY = "1,2";
			};
			name = Release;
		};
/* End XCBuildConfiguration section */

/* Begin XCConfigurationList section */
		D1EE69B2297C02FD0023663D /* Build configuration list for PBXProject "SlideshowApp" */ = {
			isa = XCConfigurationList;
			buildConfigurations = (
				D1EE69C9297C02FF0023663D /* Debug */,
				D1EE69CA297C02FF0023663D /* Release */,
			);
			defaultConfigurationIsVisible = 0;
			defaultConfigurationName = Release;
		};
		D1EE69CB297C02FF0023663D /* Build configuration list for PBXNativeTarget "SlideshowApp" */ = {
			isa = XCConfigurationList;
			buildConfigurations = (
				D1EE69CC297C02FF0023663D /* Debug */,
				D1EE69CD297C02FF0023663D /* Release */,
			);
			defaultConfigurationIsVisible = 0;
			defaultConfigurationName = Release;
		};
/* End XCConfigurationList section */
	};
	rootObject = D1EE69AF297C02FD0023663D /* Project object */;
}
